// !$*UTF8*$!
{
	archiveVersion = 1;
	classes = {
	};
	objectVersion = 55;
	objects = {

/* Begin PBXBuildFile section */
		8631D2BB28FD980E00B38B4B /* AppDelegate.swift in Sources */ = {isa = PBXBuildFile; fileRef = 8631D2BA28FD980E00B38B4B /* AppDelegate.swift */; };
		8631D2BD28FD980E00B38B4B /* SceneDelegate.swift in Sources */ = {isa = PBXBuildFile; fileRef = 8631D2BC28FD980E00B38B4B /* SceneDelegate.swift */; };
		8631D2C228FD980E00B38B4B /* Main.storyboard in Resources */ = {isa = PBXBuildFile; fileRef = 8631D2C028FD980E00B38B4B /* Main.storyboard */; };
		8631D2C428FD981000B38B4B /* Assets.xcassets in Resources */ = {isa = PBXBuildFile; fileRef = 8631D2C328FD981000B38B4B /* Assets.xcassets */; };
		8631D2C728FD981000B38B4B /* LaunchScreen.storyboard in Resources */ = {isa = PBXBuildFile; fileRef = 8631D2C528FD981000B38B4B /* LaunchScreen.storyboard */; };
		8631D2D028FD99CB00B38B4B /* OrdersTableViewController.swift in Sources */ = {isa = PBXBuildFile; fileRef = 8631D2CF28FD99CB00B38B4B /* OrdersTableViewController.swift */; };
		8631D2D228FD9A0100B38B4B /* AddOrderViewController.swift in Sources */ = {isa = PBXBuildFile; fileRef = 8631D2D128FD9A0100B38B4B /* AddOrderViewController.swift */; };
		8631D2D528FDA14400B38B4B /* WebServices.swift in Sources */ = {isa = PBXBuildFile; fileRef = 8631D2D428FDA14400B38B4B /* WebServices.swift */; };
		8631D2D828FDA38C00B38B4B /* Order.swift in Sources */ = {isa = PBXBuildFile; fileRef = 8631D2D728FDA38C00B38B4B /* Order.swift */; };
		8631D2DB28FDA71D00B38B4B /* OrderViewModel.swift in Sources */ = {isa = PBXBuildFile; fileRef = 8631D2DA28FDA71D00B38B4B /* OrderViewModel.swift */; };
		8631D2DD28FDAC6800B38B4B /* AddCoffeeOrderViewModel.swift in Sources */ = {isa = PBXBuildFile; fileRef = 8631D2DC28FDAC6800B38B4B /* AddCoffeeOrderViewModel.swift */; };
/* End PBXBuildFile section */

/* Begin PBXFileReference section */
		8631D2B728FD980E00B38B4B /* Starbucks Coffee.app */ = {isa = PBXFileReference; explicitFileType = wrapper.application; includeInIndex = 0; path = "Starbucks Coffee.app"; sourceTree = BUILT_PRODUCTS_DIR; };
		8631D2BA28FD980E00B38B4B /* AppDelegate.swift */ = {isa = PBXFileReference; lastKnownFileType = sourcecode.swift; path = AppDelegate.swift; sourceTree = "<group>"; };
		8631D2BC28FD980E00B38B4B /* SceneDelegate.swift */ = {isa = PBXFileReference; lastKnownFileType = sourcecode.swift; path = SceneDelegate.swift; sourceTree = "<group>"; };
		8631D2C128FD980E00B38B4B /* Base */ = {isa = PBXFileReference; lastKnownFileType = file.storyboard; name = Base; path = Base.lproj/Main.storyboard; sourceTree = "<group>"; };
		8631D2C328FD981000B38B4B /* Assets.xcassets */ = {isa = PBXFileReference; lastKnownFileType = folder.assetcatalog; path = Assets.xcassets; sourceTree = "<group>"; };
		8631D2C628FD981000B38B4B /* Base */ = {isa = PBXFileReference; lastKnownFileType = file.storyboard; name = Base; path = Base.lproj/LaunchScreen.storyboard; sourceTree = "<group>"; };
		8631D2C828FD981000B38B4B /* Info.plist */ = {isa = PBXFileReference; lastKnownFileType = text.plist.xml; path = Info.plist; sourceTree = "<group>"; };
		8631D2CF28FD99CB00B38B4B /* OrdersTableViewController.swift */ = {isa = PBXFileReference; lastKnownFileType = sourcecode.swift; path = OrdersTableViewController.swift; sourceTree = "<group>"; };
		8631D2D128FD9A0100B38B4B /* AddOrderViewController.swift */ = {isa = PBXFileReference; lastKnownFileType = sourcecode.swift; path = AddOrderViewController.swift; sourceTree = "<group>"; };
		8631D2D428FDA14400B38B4B /* WebServices.swift */ = {isa = PBXFileReference; lastKnownFileType = sourcecode.swift; path = WebServices.swift; sourceTree = "<group>"; };
		8631D2D728FDA38C00B38B4B /* Order.swift */ = {isa = PBXFileReference; lastKnownFileType = sourcecode.swift; path = Order.swift; sourceTree = "<group>"; };
		8631D2DA28FDA71D00B38B4B /* OrderViewModel.swift */ = {isa = PBXFileReference; lastKnownFileType = sourcecode.swift; path = OrderViewModel.swift; sourceTree = "<group>"; };
		8631D2DC28FDAC6800B38B4B /* AddCoffeeOrderViewModel.swift */ = {isa = PBXFileReference; lastKnownFileType = sourcecode.swift; path = AddCoffeeOrderViewModel.swift; sourceTree = "<group>"; };
/* End PBXFileReference section */

/* Begin PBXFrameworksBuildPhase section */
		8631D2B428FD980E00B38B4B /* Frameworks */ = {
			isa = PBXFrameworksBuildPhase;
			buildActionMask = 2147483647;
			files = (
			);
			runOnlyForDeploymentPostprocessing = 0;
		};
/* End PBXFrameworksBuildPhase section */

/* Begin PBXGroup section */
		8631D2AE28FD980E00B38B4B = {
			isa = PBXGroup;
			children = (
				8631D2B928FD980E00B38B4B /* Starbucks Coffee */,
				8631D2B828FD980E00B38B4B /* Products */,
			);
			sourceTree = "<group>";
		};
		8631D2B828FD980E00B38B4B /* Products */ = {
			isa = PBXGroup;
			children = (
				8631D2B728FD980E00B38B4B /* Starbucks Coffee.app */,
			);
			name = Products;
			sourceTree = "<group>";
		};
		8631D2B928FD980E00B38B4B /* Starbucks Coffee */ = {
			isa = PBXGroup;
			children = (
				8631D2D928FDA70C00B38B4B /* View Models */,
				8631D2D628FDA37B00B38B4B /* Models */,
				8631D2D328FDA13900B38B4B /* Services */,
				8631D2CE28FD988500B38B4B /* Controllers */,
				8631D2BA28FD980E00B38B4B /* AppDelegate.swift */,
				8631D2BC28FD980E00B38B4B /* SceneDelegate.swift */,
				8631D2C028FD980E00B38B4B /* Main.storyboard */,
				8631D2C328FD981000B38B4B /* Assets.xcassets */,
				8631D2C528FD981000B38B4B /* LaunchScreen.storyboard */,
				8631D2C828FD981000B38B4B /* Info.plist */,
			);
			path = "Starbucks Coffee";
			sourceTree = "<group>";
		};
		8631D2CE28FD988500B38B4B /* Controllers */ = {
			isa = PBXGroup;
			children = (
				8631D2CF28FD99CB00B38B4B /* OrdersTableViewController.swift */,
				8631D2D128FD9A0100B38B4B /* AddOrderViewController.swift */,
			);
			path = Controllers;
			sourceTree = "<group>";
		};
		8631D2D328FDA13900B38B4B /* Services */ = {
			isa = PBXGroup;
			children = (
				8631D2D428FDA14400B38B4B /* WebServices.swift */,
			);
			path = Services;
			sourceTree = "<group>";
		};
		8631D2D628FDA37B00B38B4B /* Models */ = {
			isa = PBXGroup;
			children = (
				8631D2D728FDA38C00B38B4B /* Order.swift */,
			);
			path = Models;
			sourceTree = "<group>";
		};
		8631D2D928FDA70C00B38B4B /* View Models */ = {
			isa = PBXGroup;
			children = (
				8631D2DA28FDA71D00B38B4B /* OrderViewModel.swift */,
				8631D2DC28FDAC6800B38B4B /* AddCoffeeOrderViewModel.swift */,
			);
			path = "View Models";
			sourceTree = "<group>";
		};
/* End PBXGroup section */

/* Begin PBXNativeTarget section */
		8631D2B628FD980E00B38B4B /* Starbucks Coffee */ = {
			isa = PBXNativeTarget;
			buildConfigurationList = 8631D2CB28FD981000B38B4B /* Build configuration list for PBXNativeTarget "Starbucks Coffee" */;
			buildPhases = (
				8631D2B328FD980E00B38B4B /* Sources */,
				8631D2B428FD980E00B38B4B /* Frameworks */,
				8631D2B528FD980E00B38B4B /* Resources */,
			);
			buildRules = (
			);
			dependencies = (
			);
			name = "Starbucks Coffee";
			productName = "Starbucks Coffee";
			productReference = 8631D2B728FD980E00B38B4B /* Starbucks Coffee.app */;
			productType = "com.apple.product-type.application";
		};
/* End PBXNativeTarget section */

/* Begin PBXProject section */
		8631D2AF28FD980E00B38B4B /* Project object */ = {
			isa = PBXProject;
			attributes = {
				BuildIndependentTargetsInParallel = 1;
				LastSwiftUpdateCheck = 1340;
				LastUpgradeCheck = 1340;
				TargetAttributes = {
					8631D2B628FD980E00B38B4B = {
						CreatedOnToolsVersion = 13.4.1;
					};
				};
			};
			buildConfigurationList = 8631D2B228FD980E00B38B4B /* Build configuration list for PBXProject "Starbucks Coffee" */;
			compatibilityVersion = "Xcode 13.0";
			developmentRegion = en;
			hasScannedForEncodings = 0;
			knownRegions = (
				en,
				Base,
			);
			mainGroup = 8631D2AE28FD980E00B38B4B;
			productRefGroup = 8631D2B828FD980E00B38B4B /* Products */;
			projectDirPath = "";
			projectRoot = "";
			targets = (
				8631D2B628FD980E00B38B4B /* Starbucks Coffee */,
			);
		};
/* End PBXProject section */

/* Begin PBXResourcesBuildPhase section */
		8631D2B528FD980E00B38B4B /* Resources */ = {
			isa = PBXResourcesBuildPhase;
			buildActionMask = 2147483647;
			files = (
				8631D2C728FD981000B38B4B /* LaunchScreen.storyboard in Resources */,
				8631D2C428FD981000B38B4B /* Assets.xcassets in Resources */,
				8631D2C228FD980E00B38B4B /* Main.storyboard in Resources */,
			);
			runOnlyForDeploymentPostprocessing = 0;
		};
/* End PBXResourcesBuildPhase section */

/* Begin PBXSourcesBuildPhase section */
		8631D2B328FD980E00B38B4B /* Sources */ = {
			isa = PBXSourcesBuildPhase;
			buildActionMask = 2147483647;
			files = (
				8631D2D828FDA38C00B38B4B /* Order.swift in Sources */,
				8631D2DD28FDAC6800B38B4B /* AddCoffeeOrderViewModel.swift in Sources */,
				8631D2BB28FD980E00B38B4B /* AppDelegate.swift in Sources */,
				8631D2D528FDA14400B38B4B /* WebServices.swift in Sources */,
				8631D2BD28FD980E00B38B4B /* SceneDelegate.swift in Sources */,
				8631D2D028FD99CB00B38B4B /* OrdersTableViewController.swift in Sources */,
				8631D2DB28FDA71D00B38B4B /* OrderViewModel.swift in Sources */,
				8631D2D228FD9A0100B38B4B /* AddOrderViewController.swift in Sources */,
			);
			runOnlyForDeploymentPostprocessing = 0;
		};
/* End PBXSourcesBuildPhase section */

/* Begin PBXVariantGroup section */
		8631D2C028FD980E00B38B4B /* Main.storyboard */ = {
			isa = PBXVariantGroup;
			children = (
				8631D2C128FD980E00B38B4B /* Base */,
			);
			name = Main.storyboard;
			sourceTree = "<group>";
		};
		8631D2C528FD981000B38B4B /* LaunchScreen.storyboard */ = {
			isa = PBXVariantGroup;
			children = (
				8631D2C628FD981000B38B4B /* Base */,
			);
			name = LaunchScreen.storyboard;
			sourceTree = "<group>";
		};
/* End PBXVariantGroup section */

/* Begin XCBuildConfiguration section */
		8631D2C928FD981000B38B4B /* Debug */ = {
			isa = XCBuildConfiguration;
			buildSettings = {
				ALWAYS_SEARCH_USER_PATHS = NO;
				CLANG_ANALYZER_NONNULL = YES;
				CLANG_ANALYZER_NUMBER_OBJECT_CONVERSION = YES_AGGRESSIVE;
				CLANG_CXX_LANGUAGE_STANDARD = "gnu++17";
				CLANG_ENABLE_MODULES = YES;
				CLANG_ENABLE_OBJC_ARC = YES;
				CLANG_ENABLE_OBJC_WEAK = YES;
				CLANG_WARN_BLOCK_CAPTURE_AUTORELEASING = YES;
				CLANG_WARN_BOOL_CONVERSION = YES;
				CLANG_WARN_COMMA = YES;
				CLANG_WARN_CONSTANT_CONVERSION = YES;
				CLANG_WARN_DEPRECATED_OBJC_IMPLEMENTATIONS = YES;
				CLANG_WARN_DIRECT_OBJC_ISA_USAGE = YES_ERROR;
				CLANG_WARN_DOCUMENTATION_COMMENTS = YES;
				CLANG_WARN_EMPTY_BODY = YES;
				CLANG_WARN_ENUM_CONVERSION = YES;
				CLANG_WARN_INFINITE_RECURSION = YES;
				CLANG_WARN_INT_CONVERSION = YES;
				CLANG_WARN_NON_LITERAL_NULL_CONVERSION = YES;
				CLANG_WARN_OBJC_IMPLICIT_RETAIN_SELF = YES;
				CLANG_WARN_OBJC_LITERAL_CONVERSION = YES;
				CLANG_WARN_OBJC_ROOT_CLASS = YES_ERROR;
				CLANG_WARN_QUOTED_INCLUDE_IN_FRAMEWORK_HEADER = YES;
				CLANG_WARN_RANGE_LOOP_ANALYSIS = YES;
				CLANG_WARN_STRICT_PROTOTYPES = YES;
				CLANG_WARN_SUSPICIOUS_MOVE = YES;
				CLANG_WARN_UNGUARDED_AVAILABILITY = YES_AGGRESSIVE;
				CLANG_WARN_UNREACHABLE_CODE = YES;
				CLANG_WARN__DUPLICATE_METHOD_MATCH = YES;
				COPY_PHASE_STRIP = NO;
				DEBUG_INFORMATION_FORMAT = dwarf;
				ENABLE_STRICT_OBJC_MSGSEND = YES;
				ENABLE_TESTABILITY = YES;
				GCC_C_LANGUAGE_STANDARD = gnu11;
				GCC_DYNAMIC_NO_PIC = NO;
				GCC_NO_COMMON_BLOCKS = YES;
				GCC_OPTIMIZATION_LEVEL = 0;
				GCC_PREPROCESSOR_DEFINITIONS = (
					"DEBUG=1",
					"$(inherited)",
				);
				GCC_WARN_64_TO_32_BIT_CONVERSION = YES;
				GCC_WARN_ABOUT_RETURN_TYPE = YES_ERROR;
				GCC_WARN_UNDECLARED_SELECTOR = YES;
				GCC_WARN_UNINITIALIZED_AUTOS = YES_AGGRESSIVE;
				GCC_WARN_UNUSED_FUNCTION = YES;
				GCC_WARN_UNUSED_VARIABLE = YES;
				IPHONEOS_DEPLOYMENT_TARGET = 15.5;
				MTL_ENABLE_DEBUG_INFO = INCLUDE_SOURCE;
				MTL_FAST_MATH = YES;
				ONLY_ACTIVE_ARCH = YES;
				SDKROOT = iphoneos;
				SWIFT_ACTIVE_COMPILATION_CONDITIONS = DEBUG;
				SWIFT_OPTIMIZATION_LEVEL = "-Onone";
			};
			name = Debug;
		};
		8631D2CA28FD981000B38B4B /* Release */ = {
			isa = XCBuildConfiguration;
			buildSettings = {
				ALWAYS_SEARCH_USER_PATHS = NO;
				CLANG_ANALYZER_NONNULL = YES;
				CLANG_ANALYZER_NUMBER_OBJECT_CONVERSION = YES_AGGRESSIVE;
				CLANG_CXX_LANGUAGE_STANDARD = "gnu++17";
				CLANG_ENABLE_MODULES = YES;
				CLANG_ENABLE_OBJC_ARC = YES;
				CLANG_ENABLE_OBJC_WEAK = YES;
				CLANG_WARN_BLOCK_CAPTURE_AUTORELEASING = YES;
				CLANG_WARN_BOOL_CONVERSION = YES;
				CLANG_WARN_COMMA = YES;
				CLANG_WARN_CONSTANT_CONVERSION = YES;
				CLANG_WARN_DEPRECATED_OBJC_IMPLEMENTATIONS = YES;
				CLANG_WARN_DIRECT_OBJC_ISA_USAGE = YES_ERROR;
				CLANG_WARN_DOCUMENTATION_COMMENTS = YES;
				CLANG_WARN_EMPTY_BODY = YES;
				CLANG_WARN_ENUM_CONVERSION = YES;
				CLANG_WARN_INFINITE_RECURSION = YES;
				CLANG_WARN_INT_CONVERSION = YES;
				CLANG_WARN_NON_LITERAL_NULL_CONVERSION = YES;
				CLANG_WARN_OBJC_IMPLICIT_RETAIN_SELF = YES;
				CLANG_WARN_OBJC_LITERAL_CONVERSION = YES;
				CLANG_WARN_OBJC_ROOT_CLASS = YES_ERROR;
				CLANG_WARN_QUOTED_INCLUDE_IN_FRAMEWORK_HEADER = YES;
				CLANG_WARN_RANGE_LOOP_ANALYSIS = YES;
				CLANG_WARN_STRICT_PROTOTYPES = YES;
				CLANG_WARN_SUSPICIOUS_MOVE = YES;
				CLANG_WARN_UNGUARDED_AVAILABILITY = YES_AGGRESSIVE;
				CLANG_WARN_UNREACHABLE_CODE = YES;
				CLANG_WARN__DUPLICATE_METHOD_MATCH = YES;
				COPY_PHASE_STRIP = NO;
				DEBUG_INFORMATION_FORMAT = "dwarf-with-dsym";
				ENABLE_NS_ASSERTIONS = NO;
				ENABLE_STRICT_OBJC_MSGSEND = YES;
				GCC_C_LANGUAGE_STANDARD = gnu11;
				GCC_NO_COMMON_BLOCKS = YES;
				GCC_WARN_64_TO_32_BIT_CONVERSION = YES;
				GCC_WARN_ABOUT_RETURN_TYPE = YES_ERROR;
				GCC_WARN_UNDECLARED_SELECTOR = YES;
				GCC_WARN_UNINITIALIZED_AUTOS = YES_AGGRESSIVE;
				GCC_WARN_UNUSED_FUNCTION = YES;
				GCC_WARN_UNUSED_VARIABLE = YES;
				IPHONEOS_DEPLOYMENT_TARGET = 15.5;
				MTL_ENABLE_DEBUG_INFO = NO;
				MTL_FAST_MATH = YES;
				SDKROOT = iphoneos;
				SWIFT_COMPILATION_MODE = wholemodule;
				SWIFT_OPTIMIZATION_LEVEL = "-O";
				VALIDATE_PRODUCT = YES;
			};
			name = Release;
		};
		8631D2CC28FD981000B38B4B /* Debug */ = {
			isa = XCBuildConfiguration;
			buildSettings = {
				ASSETCATALOG_COMPILER_APPICON_NAME = AppIcon;
				ASSETCATALOG_COMPILER_GLOBAL_ACCENT_COLOR_NAME = AccentColor;
				CODE_SIGN_STYLE = Automatic;
				CURRENT_PROJECT_VERSION = 1;
				DEVELOPMENT_TEAM = Q9GMKCF5AD;
				GENERATE_INFOPLIST_FILE = YES;
				INFOPLIST_FILE = "Starbucks Coffee/Info.plist";
				INFOPLIST_KEY_UIApplicationSupportsIndirectInputEvents = YES;
				INFOPLIST_KEY_UILaunchStoryboardName = LaunchScreen;
				INFOPLIST_KEY_UIMainStoryboardFile = Main;
				INFOPLIST_KEY_UISupportedInterfaceOrientations_iPad = "UIInterfaceOrientationPortrait UIInterfaceOrientationPortraitUpsideDown UIInterfaceOrientationLandscapeLeft UIInterfaceOrientationLandscapeRight";
				INFOPLIST_KEY_UISupportedInterfaceOrientations_iPhone = "UIInterfaceOrientationPortrait UIInterfaceOrientationLandscapeLeft UIInterfaceOrientationLandscapeRight";
				LD_RUNPATH_SEARCH_PATHS = (
					"$(inherited)",
					"@executable_path/Frameworks",
				);
				MARKETING_VERSION = 1.0;
				PRODUCT_BUNDLE_IDENTIFIER = "com.michalkoks.Starbucks-Coffee";
				PRODUCT_NAME = "$(TARGET_NAME)";
				SWIFT_EMIT_LOC_STRINGS = YES;
				SWIFT_VERSION = 5.0;
				TARGETED_DEVICE_FAMILY = "1,2";
			};
			name = Debug;
		};
		8631D2CD28FD981000B38B4B /* Release */ = {
			isa = XCBuildConfiguration;
			buildSettings = {
				ASSETCATALOG_COMPILER_APPICON_NAME = AppIcon;
				ASSETCATALOG_COMPILER_GLOBAL_ACCENT_COLOR_NAME = AccentColor;
				CODE_SIGN_STYLE = Automatic;
				CURRENT_PROJECT_VERSION = 1;
				DEVELOPMENT_TEAM = Q9GMKCF5AD;
				GENERATE_INFOPLIST_FILE = YES;
				INFOPLIST_FILE = "Starbucks Coffee/Info.plist";
				INFOPLIST_KEY_UIApplicationSupportsIndirectInputEvents = YES;
				INFOPLIST_KEY_UILaunchStoryboardName = LaunchScreen;
				INFOPLIST_KEY_UIMainStoryboardFile = Main;
				INFOPLIST_KEY_UISupportedInterfaceOrientations_iPad = "UIInterfaceOrientationPortrait UIInterfaceOrientationPortraitUpsideDown UIInterfaceOrientationLandscapeLeft UIInterfaceOrientationLandscapeRight";
				INFOPLIST_KEY_UISupportedInterfaceOrientations_iPhone = "UIInterfaceOrientationPortrait UIInterfaceOrientationLandscapeLeft UIInterfaceOrientationLandscapeRight";
				LD_RUNPATH_SEARCH_PATHS = (
					"$(inherited)",
					"@executable_path/Frameworks",
				);
				MARKETING_VERSION = 1.0;
				PRODUCT_BUNDLE_IDENTIFIER = "com.michalkoks.Starbucks-Coffee";
				PRODUCT_NAME = "$(TARGET_NAME)";
				SWIFT_EMIT_LOC_STRINGS = YES;
				SWIFT_VERSION = 5.0;
				TARGETED_DEVICE_FAMILY = "1,2";
			};
			name = Release;
		};
/* End XCBuildConfiguration section */

/* Begin XCConfigurationList section */
		8631D2B228FD980E00B38B4B /* Build configuration list for PBXProject "Starbucks Coffee" */ = {
			isa = XCConfigurationList;
			buildConfigurations = (
				8631D2C928FD981000B38B4B /* Debug */,
				8631D2CA28FD981000B38B4B /* Release */,
			);
			defaultConfigurationIsVisible = 0;
			defaultConfigurationName = Release;
		};
		8631D2CB28FD981000B38B4B /* Build configuration list for PBXNativeTarget "Starbucks Coffee" */ = {
			isa = XCConfigurationList;
			buildConfigurations = (
				8631D2CC28FD981000B38B4B /* Debug */,
				8631D2CD28FD981000B38B4B /* Release */,
			);
			defaultConfigurationIsVisible = 0;
			defaultConfigurationName = Release;
		};
/* End XCConfigurationList section */
	};
	rootObject = 8631D2AF28FD980E00B38B4B /* Project object */;
}
